
Microsoft Visual Studio Solution File, Format Version 12.00
# Visual Studio 14
VisualStudioVersion = 14.0.25123.0
MinimumVisualStudioVersion = 10.0.40219.1
Project("{FAE04EC0-301F-11D3-BF4B-00C04F79EFBC}") = "sill2-server", "sill2-server\sill2-server.csproj", "{C3518D0A-A087-4240-B83E-DC7E68F6D0E8}"
EndProject
Global
	GlobalSection(SolutionConfigurationPlatforms) = preSolution
		Debug|Any CPU = Debug|Any CPU
		Debug|x86 = Debug|x86
		Release|Any CPU = Release|Any CPU
		Release|x86 = Release|x86
	EndGlobalSection
	GlobalSection(ProjectConfigurationPlatforms) = postSolution
		{C3518D0A-A087-4240-B83E-DC7E68F6D0E8}.Debug|Any CPU.ActiveCfg = Debug|Any CPU
		{C3518D0A-A087-4240-B83E-DC7E68F6D0E8}.Debug|Any CPU.Build.0 = Debug|Any CPU
		{C3518D0A-A087-4240-B83E-DC7E68F6D0E8}.Debug|x86.ActiveCfg = Debug|x86
		{C3518D0A-A087-4240-B83E-DC7E68F6D0E8}.Debug|x86.Build.0 = Debug|x86
		{C3518D0A-A087-4240-B83E-DC7E68F6D0E8}.Release|Any CPU.ActiveCfg = Release|Any CPU
		{C3518D0A-A087-4240-B83E-DC7E68F6D0E8}.Release|Any CPU.Build.0 = Release|Any CPU
		{C3518D0A-A087-4240-B83E-DC7E68F6D0E8}.Release|Any CPU.Deploy.0 = Release|Any CPU
		{C3518D0A-A087-4240-B83E-DC7E68F6D0E8}.Release|x86.ActiveCfg = Release|x86
		{C3518D0A-A087-4240-B83E-DC7E68F6D0E8}.Release|x86.Build.0 = Release|x86
	EndGlobalSection
	GlobalSection(SolutionProperties) = preSolution
		HideSolutionNode = FALSE
	EndGlobalSection
EndGlobal
